
Microsoft Visual Studio Solution File, Format Version 12.00
# Visual Studio 15
VisualStudioVersion = 15.0.26124.0
MinimumVisualStudioVersion = 15.0.26124.0
Project("{2150E333-8FDC-42A3-9474-1A3956D46DE8}") = "src", "src", "{996B1E55-E967-4BEF-A69C-8E64651AC1CF}"
EndProject
Project("{FAE04EC0-301F-11D3-BF4B-00C04F79EFBC}") = "Ataoge.MessageCenter.Web", "src\Ataoge.MessageCenter.Web\Ataoge.MessageCenter.Web.csproj", "{D24E4314-5E6A-46CF-9C5C-FCA153681BE6}"
EndProject
Global
	GlobalSection(SolutionConfigurationPlatforms) = preSolution
		Debug|Any CPU = Debug|Any CPU
		Debug|x64 = Debug|x64
		Debug|x86 = Debug|x86
		Release|Any CPU = Release|Any CPU
		Release|x64 = Release|x64
		Release|x86 = Release|x86
	EndGlobalSection
	GlobalSection(SolutionProperties) = preSolution
		HideSolutionNode = FALSE
	EndGlobalSection
	GlobalSection(ProjectConfigurationPlatforms) = postSolution
		{D24E4314-5E6A-46CF-9C5C-FCA153681BE6}.Debug|Any CPU.ActiveCfg = Debug|Any CPU
		{D24E4314-5E6A-46CF-9C5C-FCA153681BE6}.Debug|Any CPU.Build.0 = Debug|Any CPU
		{D24E4314-5E6A-46CF-9C5C-FCA153681BE6}.Debug|x64.ActiveCfg = Debug|Any CPU
		{D24E4314-5E6A-46CF-9C5C-FCA153681BE6}.Debug|x64.Build.0 = Debug|Any CPU
		{D24E4314-5E6A-46CF-9C5C-FCA153681BE6}.Debug|x86.ActiveCfg = Debug|Any CPU
		{D24E4314-5E6A-46CF-9C5C-FCA153681BE6}.Debug|x86.Build.0 = Debug|Any CPU
		{D24E4314-5E6A-46CF-9C5C-FCA153681BE6}.Release|Any CPU.ActiveCfg = Release|Any CPU
		{D24E4314-5E6A-46CF-9C5C-FCA153681BE6}.Release|Any CPU.Build.0 = Release|Any CPU
		{D24E4314-5E6A-46CF-9C5C-FCA153681BE6}.Release|x64.ActiveCfg = Release|Any CPU
		{D24E4314-5E6A-46CF-9C5C-FCA153681BE6}.Release|x64.Build.0 = Release|Any CPU
		{D24E4314-5E6A-46CF-9C5C-FCA153681BE6}.Release|x86.ActiveCfg = Release|Any CPU
		{D24E4314-5E6A-46CF-9C5C-FCA153681BE6}.Release|x86.Build.0 = Release|Any CPU
	EndGlobalSection
	GlobalSection(NestedProjects) = preSolution
		{D24E4314-5E6A-46CF-9C5C-FCA153681BE6} = {996B1E55-E967-4BEF-A69C-8E64651AC1CF}
	EndGlobalSection
EndGlobal
